
Microsoft Visual Studio Solution File, Format Version 12.00
# Visual Studio Version 16
VisualStudioVersion = 16.0.30523.141
MinimumVisualStudioVersion = 10.0.40219.1
Project("{9A19103F-16F7-4668-BE54-9A1E7A4F7556}") = "Demonstration", "Demonstration\Demonstration.csproj", "{3E06FA39-13E9-49D0-AFA4-45B4C7B59AFA}"
EndProject
Project("{FAE04EC0-301F-11D3-BF4B-00C04F79EFBC}") = "TestsGeneratorLibrary", "TestsGeneratorLibrary\TestsGeneratorLibrary.csproj", "{AAF3886A-88F6-48C7-8B82-728ABF253369}"
EndProject
Project("{FAE04EC0-301F-11D3-BF4B-00C04F79EFBC}") = "TestsGeneratorUnitTests", "TestsGeneratorUnitTests\TestsGeneratorUnitTests.csproj", "{29350D3E-5A34-41C5-BDA0-0207E718E358}"
EndProject
Global
	GlobalSection(SolutionConfigurationPlatforms) = preSolution
		Debug|Any CPU = Debug|Any CPU
		Release|Any CPU = Release|Any CPU
	EndGlobalSection
	GlobalSection(ProjectConfigurationPlatforms) = postSolution
		{3E06FA39-13E9-49D0-AFA4-45B4C7B59AFA}.Debug|Any CPU.ActiveCfg = Debug|Any CPU
		{3E06FA39-13E9-49D0-AFA4-45B4C7B59AFA}.Debug|Any CPU.Build.0 = Debug|Any CPU
		{3E06FA39-13E9-49D0-AFA4-45B4C7B59AFA}.Release|Any CPU.ActiveCfg = Release|Any CPU
		{3E06FA39-13E9-49D0-AFA4-45B4C7B59AFA}.Release|Any CPU.Build.0 = Release|Any CPU
		{AAF3886A-88F6-48C7-8B82-728ABF253369}.Debug|Any CPU.ActiveCfg = Debug|Any CPU
		{AAF3886A-88F6-48C7-8B82-728ABF253369}.Debug|Any CPU.Build.0 = Debug|Any CPU
		{AAF3886A-88F6-48C7-8B82-728ABF253369}.Release|Any CPU.ActiveCfg = Release|Any CPU
		{AAF3886A-88F6-48C7-8B82-728ABF253369}.Release|Any CPU.Build.0 = Release|Any CPU
		{29350D3E-5A34-41C5-BDA0-0207E718E358}.Debug|Any CPU.ActiveCfg = Debug|Any CPU
		{29350D3E-5A34-41C5-BDA0-0207E718E358}.Debug|Any CPU.Build.0 = Debug|Any CPU
		{29350D3E-5A34-41C5-BDA0-0207E718E358}.Release|Any CPU.ActiveCfg = Release|Any CPU
		{29350D3E-5A34-41C5-BDA0-0207E718E358}.Release|Any CPU.Build.0 = Release|Any CPU
	EndGlobalSection
	GlobalSection(SolutionProperties) = preSolution
		HideSolutionNode = FALSE
	EndGlobalSection
	GlobalSection(ExtensibilityGlobals) = postSolution
		SolutionGuid = {C9BC85E6-769A-460E-8071-260E1A90307C}
	EndGlobalSection
EndGlobal
